# This file is autogenerated, do not edit; changes may be undone by the next 'dep ensure'.


[[projects]]
  branch = "master"
  digest = "1:6716c9fe6333591128e72848f246fc01dc72240e1e64185d8b4e124e7280b35d"
  name = "github.com/AndreasBriese/bbloom"
  packages = ["."]
  pruneopts = "UT"
  revision = "e2d15f34fcf99d5dbb871c820ec73f710fca9815"

[[projects]]
  digest = "1:fc4f149402c1fa7258290c3f91b0bfbc709763f3d3899609a2e4a0163dec65c6"
  name = "github.com/bwmarrin/discordgo"
  packages = ["."]
  pruneopts = "UT"
  revision = "8325a6bf6dd6c91ed4040a1617b07287b8fb0eba"
  version = "v0.19.0"

[[projects]]
  digest = "1:5f5090f05382959db941fa45acbeb7f4c5241aa8ac0f8f4393dec696e5953f53"
  name = "github.com/dgraph-io/badger"
  packages = [
    ".",
    "options",
    "protos",
    "skl",
    "table",
    "y",
  ]
  pruneopts = "UT"
  revision = "99233d725dbdd26d156c61b2f42ae1671b794656"
  version = "v1.5.4"

[[projects]]
  branch = "master"
  digest = "1:ea678afd6431e09f84a56fc6915ccab9189ddd1379fed997e1433ead9586c50b"
  name = "github.com/dgryski/go-farm"
  packages = ["."]
  pruneopts = "UT"
  revision = "3adb47b1fb0f6d9efcc5051a6c62e2e413ac85a9"

[[projects]]
  digest = "1:318f1c959a8a740366fce4b1e1eb2fd914036b4af58fbd0a003349b305f118ad"
  name = "github.com/golang/protobuf"
  packages = ["proto"]
  pruneopts = "UT"
  revision = "c823c79ea1570fb5ff454033735a8e68575d1d0f"
  version = "v1.3.0"

[[projects]]
  digest = "1:7b5c6e2eeaa9ae5907c391a91c132abfd5c9e8a784a341b5625e750c67e6825d"
  name = "github.com/gorilla/websocket"
  packages = ["."]
  pruneopts = "UT"
  revision = "66b9c49e59c6c48f0ffce28c2d8b8a5678502c6d"
  version = "v1.4.0"

[[projects]]
  digest = "1:cf31692c14422fa27c83a05292eb5cbe0fb2775972e8f1f8446a71549bd8980b"
  name = "github.com/pkg/errors"
  packages = ["."]
  pruneopts = "UT"
  revision = "ba968bfe8b2f7e042a574c888954fccecfa385b4"
  version = "v0.8.1"

[[projects]]
  digest = "1:ea0700160aca4ef099f4e06686a665a87691f4248dddd40796925eda2e46bd64"
  name = "github.com/rakyll/statik"
  packages = ["fs"]
  pruneopts = "UT"
  revision = "1355192d24db2566a83c3914e187e2a7e7679832"
  version = "v0.1.5"

[[projects]]
  branch = "master"
  digest = "1:e7b591c2dd8df0dfa5bf04d1852ceefe29357a574fe223317e5dcf97bcff6b8e"
  name = "golang.org/x/crypto"
  packages = [
    "internal/subtle",
    "nacl/secretbox",
    "poly1305",
    "salsa20/salsa",
  ]
  pruneopts = "UT"
  revision = "8dd112bcdc25174059e45e07517d9fc663123347"

[[projects]]
  branch = "master"
  digest = "1:e0efd295a10a5703f556a97b7f90f9b3a02ee5080b26ee5374d100a6131aea68"
  name = "golang.org/x/net"
  packages = [
    "internal/timeseries",
    "trace",
  ]
  pruneopts = "UT"
  revision = "16b79f2e4e95ea23b2bf9903c9809ff7b013ce85"

[[projects]]
  branch = "master"
  digest = "1:2ab30fb272fe70f163b36cc4cbc48785e707523b108e2c2de016747d8c31cf09"
  name = "golang.org/x/sys"
  packages = [
    "cpu",
    "unix",
  ]
  pruneopts = "UT"
  revision = "572b51eaf7221935bdec454796989ba8318fa6f3"

[[projects]]
  digest = "1:4d2e5a73dc1500038e504a8d78b986630e3626dc027bc030ba5c75da257cdb96"
  name = "gopkg.in/yaml.v2"
  packages = ["."]
  pruneopts = "UT"
  revision = "51d6538a90f86fe93ac480b35f37b2be17fef232"
  version = "v2.2.2"

[solve-meta]
  analyzer-name = "dep"
  analyzer-version = 1
  input-imports = [
    "github.com/bwmarrin/discordgo",
    "github.com/dgraph-io/badger",
    "github.com/rakyll/statik/fs",
    "gopkg.in/yaml.v2",
  ]
  solver-name = "gps-cdcl"
  solver-version = 1
